
Microsoft Visual Studio Solution File, Format Version 12.00
# Visual Studio Version 17
VisualStudioVersion = 17.13.35931.197 d17.13
MinimumVisualStudioVersion = 10.0.40219.1
Project("{FAE04EC0-301F-11D3-BF4B-00C04F79EFBC}") = "tasks 15.09.25 #2", "tasks 15.09.25 #2\tasks 15.09.25 #2.csproj", "{05F41949-AD0F-4E3E-848E-C6CD713D9E6B}"
EndProject
Global
	GlobalSection(SolutionConfigurationPlatforms) = preSolution
		Debug|Any CPU = Debug|Any CPU
		Release|Any CPU = Release|Any CPU
	EndGlobalSection
	GlobalSection(ProjectConfigurationPlatforms) = postSolution
		{05F41949-AD0F-4E3E-848E-C6CD713D9E6B}.Debug|Any CPU.ActiveCfg = Debug|Any CPU
		{05F41949-AD0F-4E3E-848E-C6CD713D9E6B}.Debug|Any CPU.Build.0 = Debug|Any CPU
		{05F41949-AD0F-4E3E-848E-C6CD713D9E6B}.Release|Any CPU.ActiveCfg = Release|Any CPU
		{05F41949-AD0F-4E3E-848E-C6CD713D9E6B}.Release|Any CPU.Build.0 = Release|Any CPU
	EndGlobalSection
	GlobalSection(SolutionProperties) = preSolution
		HideSolutionNode = FALSE
	EndGlobalSection
	GlobalSection(ExtensibilityGlobals) = postSolution
		SolutionGuid = {8E8746C4-AD83-481F-9BA6-0D4D61BEDF8D}
	EndGlobalSection
EndGlobal
